
Microsoft Visual Studio Solution File, Format Version 11.00
# Visual Studio 2010
Project("{FAE04EC0-301F-11D3-BF4B-00C04F79EFBC}") = "ExceptionReflector", "ExceptionReflector\ExceptionReflector.csproj", "{58393BD4-289C-4068-AED2-1BB7D7D5A754}"
EndProject
Global
	GlobalSection(SolutionConfigurationPlatforms) = preSolution
		Debug|x86 = Debug|x86
		Release|x86 = Release|x86
	EndGlobalSection
	GlobalSection(ProjectConfigurationPlatforms) = postSolution
		{58393BD4-289C-4068-AED2-1BB7D7D5A754}.Debug|x86.ActiveCfg = Debug|x86
		{58393BD4-289C-4068-AED2-1BB7D7D5A754}.Debug|x86.Build.0 = Debug|x86
		{58393BD4-289C-4068-AED2-1BB7D7D5A754}.Release|x86.ActiveCfg = Release|x86
		{58393BD4-289C-4068-AED2-1BB7D7D5A754}.Release|x86.Build.0 = Release|x86
	EndGlobalSection
	GlobalSection(SolutionProperties) = preSolution
		HideSolutionNode = FALSE
	EndGlobalSection
EndGlobal
